
Microsoft Visual Studio Solution File, Format Version 12.00
# Visual Studio Version 16
VisualStudioVersion = 16.0.30717.126
MinimumVisualStudioVersion = 10.0.40219.1
Project("{9A19103F-16F7-4668-BE54-9A1E7A4F7556}") = "SearchService.API", "SearchService.API.csproj", "{4045C8CB-DB77-4CFC-B7FC-C6A133A41644}"
EndProject
Project("{9A19103F-16F7-4668-BE54-9A1E7A4F7556}") = "SearchService.Model", "..\SearchService.Model\SearchService.Model.csproj", "{8E167F7D-5F52-4475-AF90-6793718A5E48}"
EndProject
Project("{9A19103F-16F7-4668-BE54-9A1E7A4F7556}") = "SearchService.Mock", "..\SearchService.Mock\SearchService.Mock.csproj", "{7BAA082B-1643-443F-A9EB-3FE87D96A0DA}"
EndProject
Project("{FAE04EC0-301F-11D3-BF4B-00C04F79EFBC}") = "SearchService.Test", "..\SearchService.Test\SearchService.Test.csproj", "{69B56A19-B1E6-433A-8E98-25EC10DF87D1}"
EndProject
Project("{2150E333-8FDC-42A3-9474-1A3956D46DE8}") = "Solution Items", "Solution Items", "{B98DA127-C7D6-46A6-A957-D62D743A4892}"
	ProjectSection(SolutionItems) = preProject
		test.ruleset = test.ruleset
	EndProjectSection
EndProject
Project("{FAE04EC0-301F-11D3-BF4B-00C04F79EFBC}") = "SearchService.UI", "..\SearchService.UI\SearchService.UI.csproj", "{F8B588ED-AB0D-4B04-8BC9-202BBD04D4DF}"
EndProject
Global
	GlobalSection(SolutionConfigurationPlatforms) = preSolution
		Debug|Any CPU = Debug|Any CPU
		Release|Any CPU = Release|Any CPU
	EndGlobalSection
	GlobalSection(ProjectConfigurationPlatforms) = postSolution
		{4045C8CB-DB77-4CFC-B7FC-C6A133A41644}.Debug|Any CPU.ActiveCfg = Debug|Any CPU
		{4045C8CB-DB77-4CFC-B7FC-C6A133A41644}.Debug|Any CPU.Build.0 = Debug|Any CPU
		{4045C8CB-DB77-4CFC-B7FC-C6A133A41644}.Release|Any CPU.ActiveCfg = Release|Any CPU
		{4045C8CB-DB77-4CFC-B7FC-C6A133A41644}.Release|Any CPU.Build.0 = Release|Any CPU
		{8E167F7D-5F52-4475-AF90-6793718A5E48}.Debug|Any CPU.ActiveCfg = Debug|Any CPU
		{8E167F7D-5F52-4475-AF90-6793718A5E48}.Debug|Any CPU.Build.0 = Debug|Any CPU
		{8E167F7D-5F52-4475-AF90-6793718A5E48}.Release|Any CPU.ActiveCfg = Release|Any CPU
		{8E167F7D-5F52-4475-AF90-6793718A5E48}.Release|Any CPU.Build.0 = Release|Any CPU
		{7BAA082B-1643-443F-A9EB-3FE87D96A0DA}.Debug|Any CPU.ActiveCfg = Debug|Any CPU
		{7BAA082B-1643-443F-A9EB-3FE87D96A0DA}.Debug|Any CPU.Build.0 = Debug|Any CPU
		{7BAA082B-1643-443F-A9EB-3FE87D96A0DA}.Release|Any CPU.ActiveCfg = Release|Any CPU
		{7BAA082B-1643-443F-A9EB-3FE87D96A0DA}.Release|Any CPU.Build.0 = Release|Any CPU
		{69B56A19-B1E6-433A-8E98-25EC10DF87D1}.Debug|Any CPU.ActiveCfg = Debug|Any CPU
		{69B56A19-B1E6-433A-8E98-25EC10DF87D1}.Debug|Any CPU.Build.0 = Debug|Any CPU
		{69B56A19-B1E6-433A-8E98-25EC10DF87D1}.Release|Any CPU.ActiveCfg = Release|Any CPU
		{69B56A19-B1E6-433A-8E98-25EC10DF87D1}.Release|Any CPU.Build.0 = Release|Any CPU
		{F8B588ED-AB0D-4B04-8BC9-202BBD04D4DF}.Debug|Any CPU.ActiveCfg = Debug|Any CPU
		{F8B588ED-AB0D-4B04-8BC9-202BBD04D4DF}.Debug|Any CPU.Build.0 = Debug|Any CPU
		{F8B588ED-AB0D-4B04-8BC9-202BBD04D4DF}.Release|Any CPU.ActiveCfg = Release|Any CPU
		{F8B588ED-AB0D-4B04-8BC9-202BBD04D4DF}.Release|Any CPU.Build.0 = Release|Any CPU
	EndGlobalSection
	GlobalSection(SolutionProperties) = preSolution
		HideSolutionNode = FALSE
	EndGlobalSection
	GlobalSection(ExtensibilityGlobals) = postSolution
		SolutionGuid = {50430A8F-8ABB-4257-8C19-477EF8958CF2}
	EndGlobalSection
EndGlobal
